
Microsoft Visual Studio Solution File, Format Version 12.00
# Visual Studio Version 17
VisualStudioVersion = 17.0.31903.59
MinimumVisualStudioVersion = 10.0.40219.1
Project("{9A19103F-16F7-4668-BE54-9A1E7A4F7556}") = "EnhancedUI", "EnhancedUI\EnhancedUI.csproj", "{0315930C-BB29-4303-8C62-65782E886CAA}"
EndProject
Global
	GlobalSection(SolutionConfigurationPlatforms) = preSolution
		Debug|Any CPU = Debug|Any CPU
		Debug|x64 = Debug|x64
		Release|Any CPU = Release|Any CPU
		Release|x64 = Release|x64
	EndGlobalSection
	GlobalSection(ProjectConfigurationPlatforms) = postSolution
		{0315930C-BB29-4303-8C62-65782E886CAA}.Debug|Any CPU.ActiveCfg = Debug|x64
		{0315930C-BB29-4303-8C62-65782E886CAA}.Debug|x64.ActiveCfg = Debug|x64
		{0315930C-BB29-4303-8C62-65782E886CAA}.Debug|x64.Build.0 = Debug|x64
		{0315930C-BB29-4303-8C62-65782E886CAA}.Release|Any CPU.ActiveCfg = Release|x64
		{0315930C-BB29-4303-8C62-65782E886CAA}.Release|x64.ActiveCfg = Release|x64
		{0315930C-BB29-4303-8C62-65782E886CAA}.Release|x64.Build.0 = Release|x64
	EndGlobalSection
	GlobalSection(SolutionProperties) = preSolution
		HideSolutionNode = FALSE
	EndGlobalSection
	GlobalSection(ExtensibilityGlobals) = postSolution
		SolutionGuid = {11979359-D659-4BAE-AE74-168C2A82DAEC}
	EndGlobalSection
EndGlobal
